
Microsoft Visual Studio Solution File, Format Version 12.00
# Visual Studio Version 17
VisualStudioVersion = 17.5.33502.453
MinimumVisualStudioVersion = 10.0.40219.1
Project("{9A19103F-16F7-4668-BE54-9A1E7A4F7556}") = "SkillSharingApp", "SkillSharingApp\SkillSharingApp.csproj", "{B2C57777-B3BB-4634-90C8-C78F12791597}"
EndProject
Project("{FAE04EC0-301F-11D3-BF4B-00C04F79EFBC}") = "SkillSharingApp_BAL", "SkillSharingApp_BAL\SkillSharingApp_BAL.csproj", "{FE46754A-1DF3-4436-98BA-66518032902D}"
EndProject
Project("{FAE04EC0-301F-11D3-BF4B-00C04F79EFBC}") = "SkillSharingApp_DAL", "SkillSharingApp_DAL\SkillSharingApp_DAL.csproj", "{0F0B35EC-A8EF-474B-B624-10A0EFE74E28}"
EndProject
Global
	GlobalSection(SolutionConfigurationPlatforms) = preSolution
		Debug|Any CPU = Debug|Any CPU
		Release|Any CPU = Release|Any CPU
	EndGlobalSection
	GlobalSection(ProjectConfigurationPlatforms) = postSolution
		{B2C57777-B3BB-4634-90C8-C78F12791597}.Debug|Any CPU.ActiveCfg = Debug|Any CPU
		{B2C57777-B3BB-4634-90C8-C78F12791597}.Debug|Any CPU.Build.0 = Debug|Any CPU
		{B2C57777-B3BB-4634-90C8-C78F12791597}.Release|Any CPU.ActiveCfg = Release|Any CPU
		{B2C57777-B3BB-4634-90C8-C78F12791597}.Release|Any CPU.Build.0 = Release|Any CPU
		{FE46754A-1DF3-4436-98BA-66518032902D}.Debug|Any CPU.ActiveCfg = Debug|Any CPU
		{FE46754A-1DF3-4436-98BA-66518032902D}.Debug|Any CPU.Build.0 = Debug|Any CPU
		{FE46754A-1DF3-4436-98BA-66518032902D}.Release|Any CPU.ActiveCfg = Release|Any CPU
		{FE46754A-1DF3-4436-98BA-66518032902D}.Release|Any CPU.Build.0 = Release|Any CPU
		{0F0B35EC-A8EF-474B-B624-10A0EFE74E28}.Debug|Any CPU.ActiveCfg = Debug|Any CPU
		{0F0B35EC-A8EF-474B-B624-10A0EFE74E28}.Debug|Any CPU.Build.0 = Debug|Any CPU
		{0F0B35EC-A8EF-474B-B624-10A0EFE74E28}.Release|Any CPU.ActiveCfg = Release|Any CPU
		{0F0B35EC-A8EF-474B-B624-10A0EFE74E28}.Release|Any CPU.Build.0 = Release|Any CPU
	EndGlobalSection
	GlobalSection(SolutionProperties) = preSolution
		HideSolutionNode = FALSE
	EndGlobalSection
	GlobalSection(ExtensibilityGlobals) = postSolution
		SolutionGuid = {BF56DFE5-9F71-41C3-8F50-589C760567F1}
	EndGlobalSection
EndGlobal
